<?xml version="1.0" encoding="utf-8"?>
<Project ToolsVersion="4.0" xmlns="http://schemas.microsoft.com/developer/msbuild/2003">
  <ItemGroup>
    <Filter Include="Исходные файлы">
      <UniqueIdentifier>{4FC737F1-C7A5-4376-A066-2A32D752A2FF}</UniqueIdentifier>
      <Extensions>cpp;c;cc;cxx;c++;cppm;ixx;def;odl;idl;hpj;bat;asm;asmx</Extensions>
    </Filter>
    <Filter Include="Файлы заголовков">
      <UniqueIdentifier>{93995380-89BD-4b04-88EB-625FBE52EBFB}</UniqueIdentifier>
      <Extensions>h;hh;hpp;hxx;h++;hm;inl;inc;ipp;xsd</Extensions>
    </Filter>
    <Filter Include="Файлы ресурсов">
      <UniqueIdentifier>{67DA6AB6-F800-4c08-8B7A-83BB121AAD01}</UniqueIdentifier>
      <Extensions>rc;ico;cur;bmp;dlg;rc2;rct;bin;rgs;gif;jpg;jpeg;jpe;resx;tiff;tif;png;wav;mfcribbon-ms</Extensions>
    </Filter>
    <Filter Include="Файлы заголовков\VRML standart type factories">
      <UniqueIdentifier>{d2abeadd-471c-4940-94d5-311e0359ee4d}</UniqueIdentifier>
    </Filter>
    <Filter Include="Файлы заголовков\data storage classes">
      <UniqueIdentifier>{5b01217d-9101-444b-b7ea-33d04f9dea64}</UniqueIdentifier>
    </Filter>
  </ItemGroup>
  <ItemGroup>
    <ClInclude Include="DescriptorVRML.h">
      <Filter>Файлы заголовков</Filter>
    </ClInclude>
    <ClInclude Include="TemplateToCopy.h">
      <Filter>Файлы заголовков</Filter>
    </ClInclude>
    <ClInclude Include="AbstractFactory.h">
      <Filter>Файлы заголовков\VRML standart type factories</Filter>
    </ClInclude>
    <ClInclude Include="TransformFactory.h">
      <Filter>Файлы заголовков\VRML standart type factories</Filter>
    </ClInclude>
    <ClInclude Include="FactoryVRML.h">
      <Filter>Файлы заголовков\VRML standart type factories</Filter>
    </ClInclude>
    <ClInclude Include="Field.h">
      <Filter>Файлы заголовков\data storage classes</Filter>
    </ClInclude>
    <ClInclude Include="AbstractField.h">
      <Filter>Файлы заголовков\data storage classes</Filter>
    </ClInclude>
    <ClInclude Include="GroupField.h">
      <Filter>Файлы заголовков\data storage classes</Filter>
    </ClInclude>
    <ClInclude Include="Header.h">
      <Filter>Файлы заголовков</Filter>
    </ClInclude>
    <ClInclude Include="ShapeFactory.h">
      <Filter>Файлы заголовков\VRML standart type factories</Filter>
    </ClInclude>
    <ClInclude Include="ChildrenFactory.h">
      <Filter>Файлы заголовков\VRML standart type factories</Filter>
    </ClInclude>
    <ClInclude Include="AppearanceFactory.h">
      <Filter>Файлы заголовков\VRML standart type factories</Filter>
    </ClInclude>
  </ItemGroup>
  <ItemGroup>
    <ClCompile Include="Source.cpp">
      <Filter>Исходные файлы</Filter>
    </ClCompile>
    <ClCompile Include="AbstractField.cpp">
      <Filter>Исходные файлы</Filter>
    </ClCompile>
    <ClCompile Include="GroupField.cpp">
      <Filter>Исходные файлы</Filter>
    </ClCompile>
    <ClCompile Include="DescriptorVRML.cpp">
      <Filter>Исходные файлы</Filter>
    </ClCompile>
    <ClCompile Include="AbstractFactory.cpp">
      <Filter>Исходные файлы</Filter>
    </ClCompile>
    <ClCompile Include="FactoryVRML.cpp">
      <Filter>Исходные файлы</Filter>
    </ClCompile>
    <ClCompile Include="TransformFactory.cpp">
      <Filter>Исходные файлы</Filter>
    </ClCompile>
    <ClCompile Include="ShapeFactory.cpp">
      <Filter>Исходные файлы</Filter>
    </ClCompile>
    <ClCompile Include="ChildrenFactory.cpp">
      <Filter>Исходные файлы</Filter>
    </ClCompile>
    <ClCompile Include="AppearanceFactory.cpp">
      <Filter>Исходные файлы</Filter>
    </ClCompile>
  </ItemGroup>
</Project>