<?xml version="1.0" encoding="utf-8"?>
<Project ToolsVersion="4.0" xmlns="http://schemas.microsoft.com/developer/msbuild/2003">
  <ItemGroup>
    <Filter Include="Исходные файлы">
      <UniqueIdentifier>{4FC737F1-C7A5-4376-A066-2A32D752A2FF}</UniqueIdentifier>
      <Extensions>cpp;c;cc;cxx;c++;cppm;ixx;def;odl;idl;hpj;bat;asm;asmx</Extensions>
    </Filter>
    <Filter Include="Файлы заголовков">
      <UniqueIdentifier>{93995380-89BD-4b04-88EB-625FBE52EBFB}</UniqueIdentifier>
      <Extensions>h;hh;hpp;hxx;h++;hm;inl;inc;ipp;xsd</Extensions>
    </Filter>
    <Filter Include="Файлы ресурсов">
      <UniqueIdentifier>{67DA6AB6-F800-4c08-8B7A-83BB121AAD01}</UniqueIdentifier>
      <Extensions>rc;ico;cur;bmp;dlg;rc2;rct;bin;rgs;gif;jpg;jpeg;jpe;resx;tiff;tif;png;wav;mfcribbon-ms</Extensions>
    </Filter>
    <Filter Include="Файлы заголовков\VRML standart type factories">
      <UniqueIdentifier>{d2abeadd-471c-4940-94d5-311e0359ee4d}</UniqueIdentifier>
    </Filter>
    <Filter Include="Файлы заголовков\data storage classes">
      <UniqueIdentifier>{5b01217d-9101-444b-b7ea-33d04f9dea64}</UniqueIdentifier>
    </Filter>
    <Filter Include="Исходные файлы\VRML standart type factories">
      <UniqueIdentifier>{5c91adaf-f375-4b64-a4ca-acf6c9597fd0}</UniqueIdentifier>
    </Filter>
    <Filter Include="Файлы заголовков\VRML standart type factories\Shape">
      <UniqueIdentifier>{85660232-df3f-4f1b-8113-ac1c94716a8e}</UniqueIdentifier>
    </Filter>
    <Filter Include="Файлы заголовков\VRML standart type factories\Shape\geometry">
      <UniqueIdentifier>{04e65092-42d6-4785-a762-5ceaa307ffca}</UniqueIdentifier>
    </Filter>
    <Filter Include="Исходные файлы\VRML standart type factories\Shape">
      <UniqueIdentifier>{d2aa9105-3b1b-41c3-8942-aa146d4b306c}</UniqueIdentifier>
    </Filter>
    <Filter Include="Исходные файлы\VRML standart type factories\Shape\geometry">
      <UniqueIdentifier>{c48932ff-e526-4e75-a0af-e9b9f1573d34}</UniqueIdentifier>
    </Filter>
    <Filter Include="Исходные файлы\data storage classes">
      <UniqueIdentifier>{a7ccc8a8-0733-46c4-9371-6361ed48c6a6}</UniqueIdentifier>
    </Filter>
    <Filter Include="Файлы заголовков\VRML standart type factories\extra info">
      <UniqueIdentifier>{510de1dd-8674-479a-8fd7-f732b50e71a4}</UniqueIdentifier>
    </Filter>
    <Filter Include="Исходные файлы\VRML standart type factories\extra info">
      <UniqueIdentifier>{85311d7e-12b1-4dad-84df-1d1a78e34dee}</UniqueIdentifier>
    </Filter>
    <Filter Include="Файлы заголовков\VRML standart type factories\groups">
      <UniqueIdentifier>{6ae38861-475c-43fc-8dfb-a46d4458af10}</UniqueIdentifier>
    </Filter>
  </ItemGroup>
  <ItemGroup>
    <ClInclude Include="DescriptorVRML.h">
      <Filter>Файлы заголовков</Filter>
    </ClInclude>
    <ClInclude Include="AbstractFactory.h">
      <Filter>Файлы заголовков\VRML standart type factories</Filter>
    </ClInclude>
    <ClInclude Include="FactoryVRML.h">
      <Filter>Файлы заголовков\VRML standart type factories</Filter>
    </ClInclude>
    <ClInclude Include="Field.h">
      <Filter>Файлы заголовков\data storage classes</Filter>
    </ClInclude>
    <ClInclude Include="AbstractField.h">
      <Filter>Файлы заголовков\data storage classes</Filter>
    </ClInclude>
    <ClInclude Include="GroupField.h">
      <Filter>Файлы заголовков\data storage classes</Filter>
    </ClInclude>
    <ClInclude Include="ShapeFactory.h">
      <Filter>Файлы заголовков\VRML standart type factories\Shape</Filter>
    </ClInclude>
    <ClInclude Include="AppearanceFactory.h">
      <Filter>Файлы заголовков\VRML standart type factories\Shape</Filter>
    </ClInclude>
    <ClInclude Include="MaterialFactory.h">
      <Filter>Файлы заголовков\VRML standart type factories\Shape</Filter>
    </ClInclude>
    <ClInclude Include="ConeFactory.h">
      <Filter>Файлы заголовков\VRML standart type factories\Shape\geometry</Filter>
    </ClInclude>
    <ClInclude Include="BoxFactory.h">
      <Filter>Файлы заголовков\VRML standart type factories\Shape\geometry</Filter>
    </ClInclude>
    <ClInclude Include="SphereFactory.h">
      <Filter>Файлы заголовков\VRML standart type factories\Shape\geometry</Filter>
    </ClInclude>
    <ClInclude Include="CylinderFactory.h">
      <Filter>Файлы заголовков\VRML standart type factories\Shape\geometry</Filter>
    </ClInclude>
    <ClInclude Include="IndexedLineSetFactory.h">
      <Filter>Файлы заголовков\VRML standart type factories\Shape\geometry</Filter>
    </ClInclude>
    <ClInclude Include="CoordinateFactory.h">
      <Filter>Файлы заголовков\VRML standart type factories\Shape\geometry</Filter>
    </ClInclude>
    <ClInclude Include="ViewpointFactory.h">
      <Filter>Файлы заголовков\VRML standart type factories\extra info</Filter>
    </ClInclude>
    <ClInclude Include="WorldInfoFactory.h">
      <Filter>Файлы заголовков\VRML standart type factories\extra info</Filter>
    </ClInclude>
    <ClInclude Include="IndexedFaceSetFactory.h">
      <Filter>Файлы заголовков\VRML standart type factories\Shape\geometry</Filter>
    </ClInclude>
    <ClInclude Include="BackgroundFactory.h">
      <Filter>Файлы заголовков\VRML standart type factories\extra info</Filter>
    </ClInclude>
    <ClInclude Include="Vector3f.h">
      <Filter>Файлы заголовков\data storage classes</Filter>
    </ClInclude>
    <ClInclude Include="NormalFactory.h">
      <Filter>Файлы заголовков\VRML standart type factories\Shape\geometry</Filter>
    </ClInclude>
    <ClInclude Include="ChildrenFactory.h">
      <Filter>Файлы заголовков\VRML standart type factories\groups</Filter>
    </ClInclude>
    <ClInclude Include="GroupFactory.h">
      <Filter>Файлы заголовков\VRML standart type factories\groups</Filter>
    </ClInclude>
    <ClInclude Include="TransformFactory.h">
      <Filter>Файлы заголовков\VRML standart type factories\groups</Filter>
    </ClInclude>
  </ItemGroup>
  <ItemGroup>
    <ClCompile Include="DescriptorVRML.cpp">
      <Filter>Исходные файлы</Filter>
    </ClCompile>
    <ClCompile Include="AbstractFactory.cpp">
      <Filter>Исходные файлы\VRML standart type factories</Filter>
    </ClCompile>
    <ClCompile Include="FactoryVRML.cpp">
      <Filter>Исходные файлы\VRML standart type factories</Filter>
    </ClCompile>
    <ClCompile Include="ShapeFactory.cpp">
      <Filter>Исходные файлы\VRML standart type factories\Shape</Filter>
    </ClCompile>
    <ClCompile Include="MaterialFactory.cpp">
      <Filter>Исходные файлы\VRML standart type factories\Shape</Filter>
    </ClCompile>
    <ClCompile Include="AppearanceFactory.cpp">
      <Filter>Исходные файлы\VRML standart type factories\Shape</Filter>
    </ClCompile>
    <ClCompile Include="ConeFactory.cpp">
      <Filter>Исходные файлы\VRML standart type factories\Shape\geometry</Filter>
    </ClCompile>
    <ClCompile Include="AbstractField.cpp">
      <Filter>Исходные файлы\data storage classes</Filter>
    </ClCompile>
    <ClCompile Include="GroupField.cpp">
      <Filter>Исходные файлы\data storage classes</Filter>
    </ClCompile>
    <ClCompile Include="BoxFactory.cpp">
      <Filter>Исходные файлы\VRML standart type factories\Shape\geometry</Filter>
    </ClCompile>
    <ClCompile Include="SphereFactory.cpp">
      <Filter>Исходные файлы\VRML standart type factories\Shape\geometry</Filter>
    </ClCompile>
    <ClCompile Include="CylinderFactory.cpp">
      <Filter>Исходные файлы\VRML standart type factories\Shape\geometry</Filter>
    </ClCompile>
    <ClCompile Include="Source.cpp">
      <Filter>Исходные файлы</Filter>
    </ClCompile>
    <ClCompile Include="IndexedLineSetFactory.cpp">
      <Filter>Исходные файлы\VRML standart type factories\Shape\geometry</Filter>
    </ClCompile>
    <ClCompile Include="CoordinateFactory.cpp">
      <Filter>Исходные файлы\VRML standart type factories\Shape\geometry</Filter>
    </ClCompile>
    <ClCompile Include="TransformFactory.cpp">
      <Filter>Исходные файлы\VRML standart type factories</Filter>
    </ClCompile>
    <ClCompile Include="ChildrenFactory.cpp">
      <Filter>Исходные файлы\VRML standart type factories</Filter>
    </ClCompile>
    <ClCompile Include="ViewpointFactory.cpp">
      <Filter>Исходные файлы\VRML standart type factories\extra info</Filter>
    </ClCompile>
    <ClCompile Include="WorldInfoFactory.cpp">
      <Filter>Исходные файлы\VRML standart type factories\extra info</Filter>
    </ClCompile>
    <ClCompile Include="IndexedFaceSetFactory.cpp">
      <Filter>Исходные файлы\VRML standart type factories\Shape\geometry</Filter>
    </ClCompile>
    <ClCompile Include="GroupFactory.cpp">
      <Filter>Исходные файлы\VRML standart type factories</Filter>
    </ClCompile>
    <ClCompile Include="BackgroundFactory.cpp">
      <Filter>Исходные файлы\VRML standart type factories</Filter>
    </ClCompile>
    <ClCompile Include="Vector3f.cpp">
      <Filter>Исходные файлы\data storage classes</Filter>
    </ClCompile>
    <ClCompile Include="NormalFactory.cpp">
      <Filter>Исходные файлы\VRML standart type factories\Shape\geometry</Filter>
    </ClCompile>
  </ItemGroup>
</Project>